
Microsoft Visual Studio Solution File, Format Version 12.00
# Visual Studio Version 16
VisualStudioVersion = 16.0.31025.194
MinimumVisualStudioVersion = 10.0.40219.1
Project("{888888A0-9F3D-457C-B088-3A5042F75D52}") = "DE", "DE\DE.pyproj", "{705D0543-D343-4D39-9C6D-06A1937184FD}"
EndProject
Project("{888888A0-9F3D-457C-B088-3A5042F75D52}") = "BMRC", "BMRC\BMRC.pyproj", "{830EBCDF-947D-4A20-B4E3-D1F0A731C0A8}"
EndProject
Global
	GlobalSection(SolutionConfigurationPlatforms) = preSolution
		Debug|Any CPU = Debug|Any CPU
		Release|Any CPU = Release|Any CPU
	EndGlobalSection
	GlobalSection(ProjectConfigurationPlatforms) = postSolution
		{705D0543-D343-4D39-9C6D-06A1937184FD}.Debug|Any CPU.ActiveCfg = Debug|Any CPU
		{705D0543-D343-4D39-9C6D-06A1937184FD}.Release|Any CPU.ActiveCfg = Release|Any CPU
		{830EBCDF-947D-4A20-B4E3-D1F0A731C0A8}.Debug|Any CPU.ActiveCfg = Debug|Any CPU
		{830EBCDF-947D-4A20-B4E3-D1F0A731C0A8}.Release|Any CPU.ActiveCfg = Release|Any CPU
	EndGlobalSection
	GlobalSection(SolutionProperties) = preSolution
		HideSolutionNode = FALSE
	EndGlobalSection
	GlobalSection(ExtensibilityGlobals) = postSolution
		SolutionGuid = {8FC17F32-23BA-496F-861C-477E284535EE}
	EndGlobalSection
EndGlobal
